
Microsoft Visual Studio Solution File, Format Version 12.00
# Visual Studio Version 17
VisualStudioVersion = 17.0.31903.59
MinimumVisualStudioVersion = 10.0.40219.1
Project("{2150E333-8FDC-42A3-9474-1A3956D46DE8}") = "src", "src", "{231D2F5A-4038-4D78-A0B7-54E131D8246B}"
EndProject
Project("{FAE04EC0-301F-11D3-BF4B-00C04F79EFBC}") = "SpaceOS.Modules.Cutting.Contracts", "src\SpaceOS.Modules.Cutting.Contracts\SpaceOS.Modules.Cutting.Contracts.csproj", "{1F06C257-A075-4533-987E-F888767E7FB3}"
EndProject
Project("{2150E333-8FDC-42A3-9474-1A3956D46DE8}") = "tests", "tests", "{224C6688-9ED0-45F2-BF64-2DC77B7E5E29}"
EndProject
Project("{FAE04EC0-301F-11D3-BF4B-00C04F79EFBC}") = "SpaceOS.Modules.Cutting.Contracts.Tests", "tests\SpaceOS.Modules.Cutting.Contracts.Tests\SpaceOS.Modules.Cutting.Contracts.Tests.csproj", "{0449562D-666F-4B72-9647-58150A0134A1}"
EndProject
Project("{FAE04EC0-301F-11D3-BF4B-00C04F79EFBC}") = "SpaceOS.Modules.Cutting.Domain", "src\SpaceOS.Modules.Cutting.Domain\SpaceOS.Modules.Cutting.Domain.csproj", "{E8591E2D-E22B-47DC-A699-578BA609E22D}"
EndProject
Project("{FAE04EC0-301F-11D3-BF4B-00C04F79EFBC}") = "SpaceOS.Modules.Cutting.Application", "src\SpaceOS.Modules.Cutting.Application\SpaceOS.Modules.Cutting.Application.csproj", "{C104BC5B-5D9F-45F7-977F-DA0A4734EDDE}"
EndProject
Project("{FAE04EC0-301F-11D3-BF4B-00C04F79EFBC}") = "SpaceOS.Modules.Cutting.Infrastructure", "src\SpaceOS.Modules.Cutting.Infrastructure\SpaceOS.Modules.Cutting.Infrastructure.csproj", "{B3791EEE-5FFA-4049-B52C-2DE306673782}"
EndProject
Project("{FAE04EC0-301F-11D3-BF4B-00C04F79EFBC}") = "SpaceOS.Modules.Cutting.Api", "src\SpaceOS.Modules.Cutting.Api\SpaceOS.Modules.Cutting.Api.csproj", "{6AE48E4A-C5E0-43DB-9AC2-8EF1363E4740}"
EndProject
Project("{FAE04EC0-301F-11D3-BF4B-00C04F79EFBC}") = "SpaceOS.Modules.Cutting.Tests", "tests\SpaceOS.Modules.Cutting.Tests\SpaceOS.Modules.Cutting.Tests.csproj", "{5B93E7D9-ED1B-48F8-B3A8-CFC698EF6B3E}"
EndProject
Project("{FAE04EC0-301F-11D3-BF4B-00C04F79EFBC}") = "SpaceOS.Modules.Cutting.Execution.Domain", "src\SpaceOS.Modules.Cutting.Execution.Domain\SpaceOS.Modules.Cutting.Execution.Domain.csproj", "{8C63DF67-97B0-4812-BB29-571A61C8F0D1}"
EndProject
Project("{FAE04EC0-301F-11D3-BF4B-00C04F79EFBC}") = "SpaceOS.Modules.Cutting.Execution.Application", "src\SpaceOS.Modules.Cutting.Execution.Application\SpaceOS.Modules.Cutting.Execution.Application.csproj", "{A62FFAA7-508E-4AF4-A049-BB25801441C4}"
EndProject
Project("{FAE04EC0-301F-11D3-BF4B-00C04F79EFBC}") = "SpaceOS.Modules.Cutting.Execution.Infrastructure", "src\SpaceOS.Modules.Cutting.Execution.Infrastructure\SpaceOS.Modules.Cutting.Execution.Infrastructure.csproj", "{399C1215-A976-4500-9683-4B72950D083A}"
EndProject
Project("{FAE04EC0-301F-11D3-BF4B-00C04F79EFBC}") = "SpaceOS.Modules.Cutting.Analytics.Domain", "src\SpaceOS.Modules.Cutting.Analytics.Domain\SpaceOS.Modules.Cutting.Analytics.Domain.csproj", "{55A3CFA0-8F7F-43DF-B918-A401EE68E8AF}"
EndProject
Project("{FAE04EC0-301F-11D3-BF4B-00C04F79EFBC}") = "SpaceOS.Modules.Cutting.Analytics.Application", "src\SpaceOS.Modules.Cutting.Analytics.Application\SpaceOS.Modules.Cutting.Analytics.Application.csproj", "{45B4A1FF-3222-431D-889C-32DA31233009}"
EndProject
Project("{FAE04EC0-301F-11D3-BF4B-00C04F79EFBC}") = "SpaceOS.Modules.Cutting.Analytics.Infrastructure", "src\SpaceOS.Modules.Cutting.Analytics.Infrastructure\SpaceOS.Modules.Cutting.Analytics.Infrastructure.csproj", "{9AC43E8A-98D9-4808-A870-7D7752ABD906}"
EndProject
Global
	GlobalSection(SolutionConfigurationPlatforms) = preSolution
		Debug|Any CPU = Debug|Any CPU
		Debug|x64 = Debug|x64
		Debug|x86 = Debug|x86
		Release|Any CPU = Release|Any CPU
		Release|x64 = Release|x64
		Release|x86 = Release|x86
	EndGlobalSection
	GlobalSection(ProjectConfigurationPlatforms) = postSolution
		{1F06C257-A075-4533-987E-F888767E7FB3}.Debug|Any CPU.ActiveCfg = Debug|Any CPU
		{1F06C257-A075-4533-987E-F888767E7FB3}.Debug|Any CPU.Build.0 = Debug|Any CPU
		{1F06C257-A075-4533-987E-F888767E7FB3}.Debug|x64.ActiveCfg = Debug|Any CPU
		{1F06C257-A075-4533-987E-F888767E7FB3}.Debug|x64.Build.0 = Debug|Any CPU
		{1F06C257-A075-4533-987E-F888767E7FB3}.Debug|x86.ActiveCfg = Debug|Any CPU
		{1F06C257-A075-4533-987E-F888767E7FB3}.Debug|x86.Build.0 = Debug|Any CPU
		{1F06C257-A075-4533-987E-F888767E7FB3}.Release|Any CPU.ActiveCfg = Release|Any CPU
		{1F06C257-A075-4533-987E-F888767E7FB3}.Release|Any CPU.Build.0 = Release|Any CPU
		{1F06C257-A075-4533-987E-F888767E7FB3}.Release|x64.ActiveCfg = Release|Any CPU
		{1F06C257-A075-4533-987E-F888767E7FB3}.Release|x64.Build.0 = Release|Any CPU
		{1F06C257-A075-4533-987E-F888767E7FB3}.Release|x86.ActiveCfg = Release|Any CPU
		{1F06C257-A075-4533-987E-F888767E7FB3}.Release|x86.Build.0 = Release|Any CPU
		{0449562D-666F-4B72-9647-58150A0134A1}.Debug|Any CPU.ActiveCfg = Debug|Any CPU
		{0449562D-666F-4B72-9647-58150A0134A1}.Debug|Any CPU.Build.0 = Debug|Any CPU
		{0449562D-666F-4B72-9647-58150A0134A1}.Debug|x64.ActiveCfg = Debug|Any CPU
		{0449562D-666F-4B72-9647-58150A0134A1}.Debug|x64.Build.0 = Debug|Any CPU
		{0449562D-666F-4B72-9647-58150A0134A1}.Debug|x86.ActiveCfg = Debug|Any CPU
		{0449562D-666F-4B72-9647-58150A0134A1}.Debug|x86.Build.0 = Debug|Any CPU
		{0449562D-666F-4B72-9647-58150A0134A1}.Release|Any CPU.ActiveCfg = Release|Any CPU
		{0449562D-666F-4B72-9647-58150A0134A1}.Release|Any CPU.Build.0 = Release|Any CPU
		{0449562D-666F-4B72-9647-58150A0134A1}.Release|x64.ActiveCfg = Release|Any CPU
		{0449562D-666F-4B72-9647-58150A0134A1}.Release|x64.Build.0 = Release|Any CPU
		{0449562D-666F-4B72-9647-58150A0134A1}.Release|x86.ActiveCfg = Release|Any CPU
		{0449562D-666F-4B72-9647-58150A0134A1}.Release|x86.Build.0 = Release|Any CPU
		{E8591E2D-E22B-47DC-A699-578BA609E22D}.Debug|Any CPU.ActiveCfg = Debug|Any CPU
		{E8591E2D-E22B-47DC-A699-578BA609E22D}.Debug|Any CPU.Build.0 = Debug|Any CPU
		{E8591E2D-E22B-47DC-A699-578BA609E22D}.Debug|x64.ActiveCfg = Debug|Any CPU
		{E8591E2D-E22B-47DC-A699-578BA609E22D}.Debug|x64.Build.0 = Debug|Any CPU
		{E8591E2D-E22B-47DC-A699-578BA609E22D}.Debug|x86.ActiveCfg = Debug|Any CPU
		{E8591E2D-E22B-47DC-A699-578BA609E22D}.Debug|x86.Build.0 = Debug|Any CPU
		{E8591E2D-E22B-47DC-A699-578BA609E22D}.Release|Any CPU.ActiveCfg = Release|Any CPU
		{E8591E2D-E22B-47DC-A699-578BA609E22D}.Release|Any CPU.Build.0 = Release|Any CPU
		{E8591E2D-E22B-47DC-A699-578BA609E22D}.Release|x64.ActiveCfg = Release|Any CPU
		{E8591E2D-E22B-47DC-A699-578BA609E22D}.Release|x64.Build.0 = Release|Any CPU
		{E8591E2D-E22B-47DC-A699-578BA609E22D}.Release|x86.ActiveCfg = Release|Any CPU
		{E8591E2D-E22B-47DC-A699-578BA609E22D}.Release|x86.Build.0 = Release|Any CPU
		{C104BC5B-5D9F-45F7-977F-DA0A4734EDDE}.Debug|Any CPU.ActiveCfg = Debug|Any CPU
		{C104BC5B-5D9F-45F7-977F-DA0A4734EDDE}.Debug|Any CPU.Build.0 = Debug|Any CPU
		{C104BC5B-5D9F-45F7-977F-DA0A4734EDDE}.Debug|x64.ActiveCfg = Debug|Any CPU
		{C104BC5B-5D9F-45F7-977F-DA0A4734EDDE}.Debug|x64.Build.0 = Debug|Any CPU
		{C104BC5B-5D9F-45F7-977F-DA0A4734EDDE}.Debug|x86.ActiveCfg = Debug|Any CPU
		{C104BC5B-5D9F-45F7-977F-DA0A4734EDDE}.Debug|x86.Build.0 = Debug|Any CPU
		{C104BC5B-5D9F-45F7-977F-DA0A4734EDDE}.Release|Any CPU.ActiveCfg = Release|Any CPU
		{C104BC5B-5D9F-45F7-977F-DA0A4734EDDE}.Release|Any CPU.Build.0 = Release|Any CPU
		{C104BC5B-5D9F-45F7-977F-DA0A4734EDDE}.Release|x64.ActiveCfg = Release|Any CPU
		{C104BC5B-5D9F-45F7-977F-DA0A4734EDDE}.Release|x64.Build.0 = Release|Any CPU
		{C104BC5B-5D9F-45F7-977F-DA0A4734EDDE}.Release|x86.ActiveCfg = Release|Any CPU
		{C104BC5B-5D9F-45F7-977F-DA0A4734EDDE}.Release|x86.Build.0 = Release|Any CPU
		{B3791EEE-5FFA-4049-B52C-2DE306673782}.Debug|Any CPU.ActiveCfg = Debug|Any CPU
		{B3791EEE-5FFA-4049-B52C-2DE306673782}.Debug|Any CPU.Build.0 = Debug|Any CPU
		{B3791EEE-5FFA-4049-B52C-2DE306673782}.Debug|x64.ActiveCfg = Debug|Any CPU
		{B3791EEE-5FFA-4049-B52C-2DE306673782}.Debug|x64.Build.0 = Debug|Any CPU
		{B3791EEE-5FFA-4049-B52C-2DE306673782}.Debug|x86.ActiveCfg = Debug|Any CPU
		{B3791EEE-5FFA-4049-B52C-2DE306673782}.Debug|x86.Build.0 = Debug|Any CPU
		{B3791EEE-5FFA-4049-B52C-2DE306673782}.Release|Any CPU.ActiveCfg = Release|Any CPU
		{B3791EEE-5FFA-4049-B52C-2DE306673782}.Release|Any CPU.Build.0 = Release|Any CPU
		{B3791EEE-5FFA-4049-B52C-2DE306673782}.Release|x64.ActiveCfg = Release|Any CPU
		{B3791EEE-5FFA-4049-B52C-2DE306673782}.Release|x64.Build.0 = Release|Any CPU
		{B3791EEE-5FFA-4049-B52C-2DE306673782}.Release|x86.ActiveCfg = Release|Any CPU
		{B3791EEE-5FFA-4049-B52C-2DE306673782}.Release|x86.Build.0 = Release|Any CPU
		{6AE48E4A-C5E0-43DB-9AC2-8EF1363E4740}.Debug|Any CPU.ActiveCfg = Debug|Any CPU
		{6AE48E4A-C5E0-43DB-9AC2-8EF1363E4740}.Debug|Any CPU.Build.0 = Debug|Any CPU
		{6AE48E4A-C5E0-43DB-9AC2-8EF1363E4740}.Debug|x64.ActiveCfg = Debug|Any CPU
		{6AE48E4A-C5E0-43DB-9AC2-8EF1363E4740}.Debug|x64.Build.0 = Debug|Any CPU
		{6AE48E4A-C5E0-43DB-9AC2-8EF1363E4740}.Debug|x86.ActiveCfg = Debug|Any CPU
		{6AE48E4A-C5E0-43DB-9AC2-8EF1363E4740}.Debug|x86.Build.0 = Debug|Any CPU
		{6AE48E4A-C5E0-43DB-9AC2-8EF1363E4740}.Release|Any CPU.ActiveCfg = Release|Any CPU
		{6AE48E4A-C5E0-43DB-9AC2-8EF1363E4740}.Release|Any CPU.Build.0 = Release|Any CPU
		{6AE48E4A-C5E0-43DB-9AC2-8EF1363E4740}.Release|x64.ActiveCfg = Release|Any CPU
		{6AE48E4A-C5E0-43DB-9AC2-8EF1363E4740}.Release|x64.Build.0 = Release|Any CPU
		{6AE48E4A-C5E0-43DB-9AC2-8EF1363E4740}.Release|x86.ActiveCfg = Release|Any CPU
		{6AE48E4A-C5E0-43DB-9AC2-8EF1363E4740}.Release|x86.Build.0 = Release|Any CPU
		{5B93E7D9-ED1B-48F8-B3A8-CFC698EF6B3E}.Debug|Any CPU.ActiveCfg = Debug|Any CPU
		{5B93E7D9-ED1B-48F8-B3A8-CFC698EF6B3E}.Debug|Any CPU.Build.0 = Debug|Any CPU
		{5B93E7D9-ED1B-48F8-B3A8-CFC698EF6B3E}.Debug|x64.ActiveCfg = Debug|Any CPU
		{5B93E7D9-ED1B-48F8-B3A8-CFC698EF6B3E}.Debug|x64.Build.0 = Debug|Any CPU
		{5B93E7D9-ED1B-48F8-B3A8-CFC698EF6B3E}.Debug|x86.ActiveCfg = Debug|Any CPU
		{5B93E7D9-ED1B-48F8-B3A8-CFC698EF6B3E}.Debug|x86.Build.0 = Debug|Any CPU
		{5B93E7D9-ED1B-48F8-B3A8-CFC698EF6B3E}.Release|Any CPU.ActiveCfg = Release|Any CPU
		{5B93E7D9-ED1B-48F8-B3A8-CFC698EF6B3E}.Release|Any CPU.Build.0 = Release|Any CPU
		{5B93E7D9-ED1B-48F8-B3A8-CFC698EF6B3E}.Release|x64.ActiveCfg = Release|Any CPU
		{5B93E7D9-ED1B-48F8-B3A8-CFC698EF6B3E}.Release|x64.Build.0 = Release|Any CPU
		{5B93E7D9-ED1B-48F8-B3A8-CFC698EF6B3E}.Release|x86.ActiveCfg = Release|Any CPU
		{5B93E7D9-ED1B-48F8-B3A8-CFC698EF6B3E}.Release|x86.Build.0 = Release|Any CPU
		{8C63DF67-97B0-4812-BB29-571A61C8F0D1}.Debug|Any CPU.ActiveCfg = Debug|Any CPU
		{8C63DF67-97B0-4812-BB29-571A61C8F0D1}.Debug|Any CPU.Build.0 = Debug|Any CPU
		{8C63DF67-97B0-4812-BB29-571A61C8F0D1}.Debug|x64.ActiveCfg = Debug|Any CPU
		{8C63DF67-97B0-4812-BB29-571A61C8F0D1}.Debug|x64.Build.0 = Debug|Any CPU
		{8C63DF67-97B0-4812-BB29-571A61C8F0D1}.Debug|x86.ActiveCfg = Debug|Any CPU
		{8C63DF67-97B0-4812-BB29-571A61C8F0D1}.Debug|x86.Build.0 = Debug|Any CPU
		{8C63DF67-97B0-4812-BB29-571A61C8F0D1}.Release|Any CPU.ActiveCfg = Release|Any CPU
		{8C63DF67-97B0-4812-BB29-571A61C8F0D1}.Release|Any CPU.Build.0 = Release|Any CPU
		{8C63DF67-97B0-4812-BB29-571A61C8F0D1}.Release|x64.ActiveCfg = Release|Any CPU
		{8C63DF67-97B0-4812-BB29-571A61C8F0D1}.Release|x64.Build.0 = Release|Any CPU
		{8C63DF67-97B0-4812-BB29-571A61C8F0D1}.Release|x86.ActiveCfg = Release|Any CPU
		{8C63DF67-97B0-4812-BB29-571A61C8F0D1}.Release|x86.Build.0 = Release|Any CPU
		{A62FFAA7-508E-4AF4-A049-BB25801441C4}.Debug|Any CPU.ActiveCfg = Debug|Any CPU
		{A62FFAA7-508E-4AF4-A049-BB25801441C4}.Debug|Any CPU.Build.0 = Debug|Any CPU
		{A62FFAA7-508E-4AF4-A049-BB25801441C4}.Debug|x64.ActiveCfg = Debug|Any CPU
		{A62FFAA7-508E-4AF4-A049-BB25801441C4}.Debug|x64.Build.0 = Debug|Any CPU
		{A62FFAA7-508E-4AF4-A049-BB25801441C4}.Debug|x86.ActiveCfg = Debug|Any CPU
		{A62FFAA7-508E-4AF4-A049-BB25801441C4}.Debug|x86.Build.0 = Debug|Any CPU
		{A62FFAA7-508E-4AF4-A049-BB25801441C4}.Release|Any CPU.ActiveCfg = Release|Any CPU
		{A62FFAA7-508E-4AF4-A049-BB25801441C4}.Release|Any CPU.Build.0 = Release|Any CPU
		{A62FFAA7-508E-4AF4-A049-BB25801441C4}.Release|x64.ActiveCfg = Release|Any CPU
		{A62FFAA7-508E-4AF4-A049-BB25801441C4}.Release|x64.Build.0 = Release|Any CPU
		{A62FFAA7-508E-4AF4-A049-BB25801441C4}.Release|x86.ActiveCfg = Release|Any CPU
		{A62FFAA7-508E-4AF4-A049-BB25801441C4}.Release|x86.Build.0 = Release|Any CPU
		{399C1215-A976-4500-9683-4B72950D083A}.Debug|Any CPU.ActiveCfg = Debug|Any CPU
		{399C1215-A976-4500-9683-4B72950D083A}.Debug|Any CPU.Build.0 = Debug|Any CPU
		{399C1215-A976-4500-9683-4B72950D083A}.Debug|x64.ActiveCfg = Debug|Any CPU
		{399C1215-A976-4500-9683-4B72950D083A}.Debug|x64.Build.0 = Debug|Any CPU
		{399C1215-A976-4500-9683-4B72950D083A}.Debug|x86.ActiveCfg = Debug|Any CPU
		{399C1215-A976-4500-9683-4B72950D083A}.Debug|x86.Build.0 = Debug|Any CPU
		{399C1215-A976-4500-9683-4B72950D083A}.Release|Any CPU.ActiveCfg = Release|Any CPU
		{399C1215-A976-4500-9683-4B72950D083A}.Release|Any CPU.Build.0 = Release|Any CPU
		{399C1215-A976-4500-9683-4B72950D083A}.Release|x64.ActiveCfg = Release|Any CPU
		{399C1215-A976-4500-9683-4B72950D083A}.Release|x64.Build.0 = Release|Any CPU
		{399C1215-A976-4500-9683-4B72950D083A}.Release|x86.ActiveCfg = Release|Any CPU
		{399C1215-A976-4500-9683-4B72950D083A}.Release|x86.Build.0 = Release|Any CPU
		{55A3CFA0-8F7F-43DF-B918-A401EE68E8AF}.Debug|Any CPU.ActiveCfg = Debug|Any CPU
		{55A3CFA0-8F7F-43DF-B918-A401EE68E8AF}.Debug|Any CPU.Build.0 = Debug|Any CPU
		{55A3CFA0-8F7F-43DF-B918-A401EE68E8AF}.Debug|x64.ActiveCfg = Debug|Any CPU
		{55A3CFA0-8F7F-43DF-B918-A401EE68E8AF}.Debug|x64.Build.0 = Debug|Any CPU
		{55A3CFA0-8F7F-43DF-B918-A401EE68E8AF}.Debug|x86.ActiveCfg = Debug|Any CPU
		{55A3CFA0-8F7F-43DF-B918-A401EE68E8AF}.Debug|x86.Build.0 = Debug|Any CPU
		{55A3CFA0-8F7F-43DF-B918-A401EE68E8AF}.Release|Any CPU.ActiveCfg = Release|Any CPU
		{55A3CFA0-8F7F-43DF-B918-A401EE68E8AF}.Release|Any CPU.Build.0 = Release|Any CPU
		{55A3CFA0-8F7F-43DF-B918-A401EE68E8AF}.Release|x64.ActiveCfg = Release|Any CPU
		{55A3CFA0-8F7F-43DF-B918-A401EE68E8AF}.Release|x64.Build.0 = Release|Any CPU
		{55A3CFA0-8F7F-43DF-B918-A401EE68E8AF}.Release|x86.ActiveCfg = Release|Any CPU
		{55A3CFA0-8F7F-43DF-B918-A401EE68E8AF}.Release|x86.Build.0 = Release|Any CPU
		{45B4A1FF-3222-431D-889C-32DA31233009}.Debug|Any CPU.ActiveCfg = Debug|Any CPU
		{45B4A1FF-3222-431D-889C-32DA31233009}.Debug|Any CPU.Build.0 = Debug|Any CPU
		{45B4A1FF-3222-431D-889C-32DA31233009}.Debug|x64.ActiveCfg = Debug|Any CPU
		{45B4A1FF-3222-431D-889C-32DA31233009}.Debug|x64.Build.0 = Debug|Any CPU
		{45B4A1FF-3222-431D-889C-32DA31233009}.Debug|x86.ActiveCfg = Debug|Any CPU
		{45B4A1FF-3222-431D-889C-32DA31233009}.Debug|x86.Build.0 = Debug|Any CPU
		{45B4A1FF-3222-431D-889C-32DA31233009}.Release|Any CPU.ActiveCfg = Release|Any CPU
		{45B4A1FF-3222-431D-889C-32DA31233009}.Release|Any CPU.Build.0 = Release|Any CPU
		{45B4A1FF-3222-431D-889C-32DA31233009}.Release|x64.ActiveCfg = Release|Any CPU
		{45B4A1FF-3222-431D-889C-32DA31233009}.Release|x64.Build.0 = Release|Any CPU
		{45B4A1FF-3222-431D-889C-32DA31233009}.Release|x86.ActiveCfg = Release|Any CPU
		{45B4A1FF-3222-431D-889C-32DA31233009}.Release|x86.Build.0 = Release|Any CPU
		{9AC43E8A-98D9-4808-A870-7D7752ABD906}.Debug|Any CPU.ActiveCfg = Debug|Any CPU
		{9AC43E8A-98D9-4808-A870-7D7752ABD906}.Debug|Any CPU.Build.0 = Debug|Any CPU
		{9AC43E8A-98D9-4808-A870-7D7752ABD906}.Debug|x64.ActiveCfg = Debug|Any CPU
		{9AC43E8A-98D9-4808-A870-7D7752ABD906}.Debug|x64.Build.0 = Debug|Any CPU
		{9AC43E8A-98D9-4808-A870-7D7752ABD906}.Debug|x86.ActiveCfg = Debug|Any CPU
		{9AC43E8A-98D9-4808-A870-7D7752ABD906}.Debug|x86.Build.0 = Debug|Any CPU
		{9AC43E8A-98D9-4808-A870-7D7752ABD906}.Release|Any CPU.ActiveCfg = Release|Any CPU
		{9AC43E8A-98D9-4808-A870-7D7752ABD906}.Release|Any CPU.Build.0 = Release|Any CPU
		{9AC43E8A-98D9-4808-A870-7D7752ABD906}.Release|x64.ActiveCfg = Release|Any CPU
		{9AC43E8A-98D9-4808-A870-7D7752ABD906}.Release|x64.Build.0 = Release|Any CPU
		{9AC43E8A-98D9-4808-A870-7D7752ABD906}.Release|x86.ActiveCfg = Release|Any CPU
		{9AC43E8A-98D9-4808-A870-7D7752ABD906}.Release|x86.Build.0 = Release|Any CPU
	EndGlobalSection
	GlobalSection(SolutionProperties) = preSolution
		HideSolutionNode = FALSE
	EndGlobalSection
	GlobalSection(NestedProjects) = preSolution
		{1F06C257-A075-4533-987E-F888767E7FB3} = {231D2F5A-4038-4D78-A0B7-54E131D8246B}
		{0449562D-666F-4B72-9647-58150A0134A1} = {224C6688-9ED0-45F2-BF64-2DC77B7E5E29}
		{E8591E2D-E22B-47DC-A699-578BA609E22D} = {231D2F5A-4038-4D78-A0B7-54E131D8246B}
		{C104BC5B-5D9F-45F7-977F-DA0A4734EDDE} = {231D2F5A-4038-4D78-A0B7-54E131D8246B}
		{B3791EEE-5FFA-4049-B52C-2DE306673782} = {231D2F5A-4038-4D78-A0B7-54E131D8246B}
		{6AE48E4A-C5E0-43DB-9AC2-8EF1363E4740} = {231D2F5A-4038-4D78-A0B7-54E131D8246B}
		{5B93E7D9-ED1B-48F8-B3A8-CFC698EF6B3E} = {224C6688-9ED0-45F2-BF64-2DC77B7E5E29}
		{8C63DF67-97B0-4812-BB29-571A61C8F0D1} = {231D2F5A-4038-4D78-A0B7-54E131D8246B}
		{A62FFAA7-508E-4AF4-A049-BB25801441C4} = {231D2F5A-4038-4D78-A0B7-54E131D8246B}
		{399C1215-A976-4500-9683-4B72950D083A} = {231D2F5A-4038-4D78-A0B7-54E131D8246B}
		{55A3CFA0-8F7F-43DF-B918-A401EE68E8AF} = {231D2F5A-4038-4D78-A0B7-54E131D8246B}
		{45B4A1FF-3222-431D-889C-32DA31233009} = {231D2F5A-4038-4D78-A0B7-54E131D8246B}
		{9AC43E8A-98D9-4808-A870-7D7752ABD906} = {231D2F5A-4038-4D78-A0B7-54E131D8246B}
	EndGlobalSection
EndGlobal
